
Microsoft Visual Studio Solution File, Format Version 12.00
# Visual Studio Version 17
VisualStudioVersion = 17.0.31903.59
MinimumVisualStudioVersion = 10.0.40219.1
Project("{2150E333-8FDC-42A3-9474-1A3956D46DE8}") = "src", "src", "{827E0CD3-B72D-47B6-A68D-7590B98EB39B}"
EndProject
Project("{FAE04EC0-301F-11D3-BF4B-00C04F79EFBC}") = "RPA.Domain", "src\RPA.Domain\RPA.Domain.csproj", "{81984215-8F13-4AFC-BE17-AE676C9DBF09}"
EndProject
Project("{FAE04EC0-301F-11D3-BF4B-00C04F79EFBC}") = "RPA.Application", "src\RPA.Application\RPA.Application.csproj", "{8AC9647F-7393-4352-810A-FCB92188EEE4}"
EndProject
Project("{FAE04EC0-301F-11D3-BF4B-00C04F79EFBC}") = "RPA.Infrastructure", "src\RPA.Infrastructure\RPA.Infrastructure.csproj", "{F3686124-1566-413F-9FBF-A2C24C6BBA11}"
EndProject
Project("{FAE04EC0-301F-11D3-BF4B-00C04F79EFBC}") = "RPA.WebAPI", "src\RPA.WebAPI\RPA.WebAPI.csproj", "{3A60FCF8-E16D-4ADD-838A-5CB3C9383766}"
EndProject
Project("{2150E333-8FDC-42A3-9474-1A3956D46DE8}") = "tests", "tests", "{0AB3BF05-4346-4AA6-1389-037BE0695223}"
EndProject
Project("{FAE04EC0-301F-11D3-BF4B-00C04F79EFBC}") = "RPA.Domain.Tests", "tests\RPA.Domain.Tests\RPA.Domain.Tests.csproj", "{E850B7EA-0E91-4060-88DE-CC61AB36136F}"
EndProject
Project("{FAE04EC0-301F-11D3-BF4B-00C04F79EFBC}") = "RPA.WebAPI.Tests", "tests\RPA.WebAPI.Tests\RPA.WebAPI.Tests.csproj", "{5CCB2F72-2181-4D28-87E6-081CAAE7F01D}"
EndProject
Project("{FAE04EC0-301F-11D3-BF4B-00C04F79EFBC}") = "RPA.Infrastructure.Tests", "tests\RPA.Infrastructure.Tests\RPA.Infrastructure.Tests.csproj", "{A7D3E5F1-9C2B-4D6E-8F1A-B2C4D6E8F1A2}"
EndProject
Project("{FAE04EC0-301F-11D3-BF4B-00C04F79EFBC}") = "RPA.Agent", "src\RPA.Agent\RPA.Agent.csproj", "{8A400014-0D01-45C1-8081-A702146D8893}"
EndProject
Project("{FAE04EC0-301F-11D3-BF4B-00C04F79EFBC}") = "RPA.Agent.Tests", "tests\RPA.Agent.Tests\RPA.Agent.Tests.csproj", "{F49FA0A0-A084-4095-997F-ECBE64B956A6}"
EndProject
Project("{FAE04EC0-301F-11D3-BF4B-00C04F79EFBC}") = "RPA.Application.Tests", "tests\RPA.Application.Tests\RPA.Application.Tests.csproj", "{4D3FF191-036A-4A70-A2B2-3F3F5FBC5A2A}"
EndProject
Global
	GlobalSection(SolutionConfigurationPlatforms) = preSolution
		Debug|Any CPU = Debug|Any CPU
		Debug|x64 = Debug|x64
		Debug|x86 = Debug|x86
		Release|Any CPU = Release|Any CPU
		Release|x64 = Release|x64
		Release|x86 = Release|x86
	EndGlobalSection
	GlobalSection(ProjectConfigurationPlatforms) = postSolution
		{81984215-8F13-4AFC-BE17-AE676C9DBF09}.Debug|Any CPU.ActiveCfg = Debug|Any CPU
		{81984215-8F13-4AFC-BE17-AE676C9DBF09}.Debug|Any CPU.Build.0 = Debug|Any CPU
		{81984215-8F13-4AFC-BE17-AE676C9DBF09}.Debug|x64.ActiveCfg = Debug|Any CPU
		{81984215-8F13-4AFC-BE17-AE676C9DBF09}.Debug|x64.Build.0 = Debug|Any CPU
		{81984215-8F13-4AFC-BE17-AE676C9DBF09}.Debug|x86.ActiveCfg = Debug|Any CPU
		{81984215-8F13-4AFC-BE17-AE676C9DBF09}.Debug|x86.Build.0 = Debug|Any CPU
		{81984215-8F13-4AFC-BE17-AE676C9DBF09}.Release|Any CPU.ActiveCfg = Release|Any CPU
		{81984215-8F13-4AFC-BE17-AE676C9DBF09}.Release|Any CPU.Build.0 = Release|Any CPU
		{81984215-8F13-4AFC-BE17-AE676C9DBF09}.Release|x64.ActiveCfg = Release|Any CPU
		{81984215-8F13-4AFC-BE17-AE676C9DBF09}.Release|x64.Build.0 = Release|Any CPU
		{81984215-8F13-4AFC-BE17-AE676C9DBF09}.Release|x86.ActiveCfg = Release|Any CPU
		{81984215-8F13-4AFC-BE17-AE676C9DBF09}.Release|x86.Build.0 = Release|Any CPU
		{8AC9647F-7393-4352-810A-FCB92188EEE4}.Debug|Any CPU.ActiveCfg = Debug|Any CPU
		{8AC9647F-7393-4352-810A-FCB92188EEE4}.Debug|Any CPU.Build.0 = Debug|Any CPU
		{8AC9647F-7393-4352-810A-FCB92188EEE4}.Debug|x64.ActiveCfg = Debug|Any CPU
		{8AC9647F-7393-4352-810A-FCB92188EEE4}.Debug|x64.Build.0 = Debug|Any CPU
		{8AC9647F-7393-4352-810A-FCB92188EEE4}.Debug|x86.ActiveCfg = Debug|Any CPU
		{8AC9647F-7393-4352-810A-FCB92188EEE4}.Debug|x86.Build.0 = Debug|Any CPU
		{8AC9647F-7393-4352-810A-FCB92188EEE4}.Release|Any CPU.ActiveCfg = Release|Any CPU
		{8AC9647F-7393-4352-810A-FCB92188EEE4}.Release|Any CPU.Build.0 = Release|Any CPU
		{8AC9647F-7393-4352-810A-FCB92188EEE4}.Release|x64.ActiveCfg = Release|Any CPU
		{8AC9647F-7393-4352-810A-FCB92188EEE4}.Release|x64.Build.0 = Release|Any CPU
		{8AC9647F-7393-4352-810A-FCB92188EEE4}.Release|x86.ActiveCfg = Release|Any CPU
		{8AC9647F-7393-4352-810A-FCB92188EEE4}.Release|x86.Build.0 = Release|Any CPU
		{F3686124-1566-413F-9FBF-A2C24C6BBA11}.Debug|Any CPU.ActiveCfg = Debug|Any CPU
		{F3686124-1566-413F-9FBF-A2C24C6BBA11}.Debug|Any CPU.Build.0 = Debug|Any CPU
		{F3686124-1566-413F-9FBF-A2C24C6BBA11}.Debug|x64.ActiveCfg = Debug|Any CPU
		{F3686124-1566-413F-9FBF-A2C24C6BBA11}.Debug|x64.Build.0 = Debug|Any CPU
		{F3686124-1566-413F-9FBF-A2C24C6BBA11}.Debug|x86.ActiveCfg = Debug|Any CPU
		{F3686124-1566-413F-9FBF-A2C24C6BBA11}.Debug|x86.Build.0 = Debug|Any CPU
		{F3686124-1566-413F-9FBF-A2C24C6BBA11}.Release|Any CPU.ActiveCfg = Release|Any CPU
		{F3686124-1566-413F-9FBF-A2C24C6BBA11}.Release|Any CPU.Build.0 = Release|Any CPU
		{F3686124-1566-413F-9FBF-A2C24C6BBA11}.Release|x64.ActiveCfg = Release|Any CPU
		{F3686124-1566-413F-9FBF-A2C24C6BBA11}.Release|x64.Build.0 = Release|Any CPU
		{F3686124-1566-413F-9FBF-A2C24C6BBA11}.Release|x86.ActiveCfg = Release|Any CPU
		{F3686124-1566-413F-9FBF-A2C24C6BBA11}.Release|x86.Build.0 = Release|Any CPU
		{3A60FCF8-E16D-4ADD-838A-5CB3C9383766}.Debug|Any CPU.ActiveCfg = Debug|Any CPU
		{3A60FCF8-E16D-4ADD-838A-5CB3C9383766}.Debug|Any CPU.Build.0 = Debug|Any CPU
		{3A60FCF8-E16D-4ADD-838A-5CB3C9383766}.Debug|x64.ActiveCfg = Debug|Any CPU
		{3A60FCF8-E16D-4ADD-838A-5CB3C9383766}.Debug|x64.Build.0 = Debug|Any CPU
		{3A60FCF8-E16D-4ADD-838A-5CB3C9383766}.Debug|x86.ActiveCfg = Debug|Any CPU
		{3A60FCF8-E16D-4ADD-838A-5CB3C9383766}.Debug|x86.Build.0 = Debug|Any CPU
		{3A60FCF8-E16D-4ADD-838A-5CB3C9383766}.Release|Any CPU.ActiveCfg = Release|Any CPU
		{3A60FCF8-E16D-4ADD-838A-5CB3C9383766}.Release|Any CPU.Build.0 = Release|Any CPU
		{3A60FCF8-E16D-4ADD-838A-5CB3C9383766}.Release|x64.ActiveCfg = Release|Any CPU
		{3A60FCF8-E16D-4ADD-838A-5CB3C9383766}.Release|x64.Build.0 = Release|Any CPU
		{3A60FCF8-E16D-4ADD-838A-5CB3C9383766}.Release|x86.ActiveCfg = Release|Any CPU
		{3A60FCF8-E16D-4ADD-838A-5CB3C9383766}.Release|x86.Build.0 = Release|Any CPU
		{E850B7EA-0E91-4060-88DE-CC61AB36136F}.Debug|Any CPU.ActiveCfg = Debug|Any CPU
		{E850B7EA-0E91-4060-88DE-CC61AB36136F}.Debug|Any CPU.Build.0 = Debug|Any CPU
		{E850B7EA-0E91-4060-88DE-CC61AB36136F}.Debug|x64.ActiveCfg = Debug|Any CPU
		{E850B7EA-0E91-4060-88DE-CC61AB36136F}.Debug|x64.Build.0 = Debug|Any CPU
		{E850B7EA-0E91-4060-88DE-CC61AB36136F}.Debug|x86.ActiveCfg = Debug|Any CPU
		{E850B7EA-0E91-4060-88DE-CC61AB36136F}.Debug|x86.Build.0 = Debug|Any CPU
		{E850B7EA-0E91-4060-88DE-CC61AB36136F}.Release|Any CPU.ActiveCfg = Release|Any CPU
		{E850B7EA-0E91-4060-88DE-CC61AB36136F}.Release|Any CPU.Build.0 = Release|Any CPU
		{E850B7EA-0E91-4060-88DE-CC61AB36136F}.Release|x64.ActiveCfg = Release|Any CPU
		{E850B7EA-0E91-4060-88DE-CC61AB36136F}.Release|x64.Build.0 = Release|Any CPU
		{E850B7EA-0E91-4060-88DE-CC61AB36136F}.Release|x86.ActiveCfg = Release|Any CPU
		{E850B7EA-0E91-4060-88DE-CC61AB36136F}.Release|x86.Build.0 = Release|Any CPU
		{5CCB2F72-2181-4D28-87E6-081CAAE7F01D}.Debug|Any CPU.ActiveCfg = Debug|Any CPU
		{5CCB2F72-2181-4D28-87E6-081CAAE7F01D}.Debug|Any CPU.Build.0 = Debug|Any CPU
		{5CCB2F72-2181-4D28-87E6-081CAAE7F01D}.Debug|x64.ActiveCfg = Debug|Any CPU
		{5CCB2F72-2181-4D28-87E6-081CAAE7F01D}.Debug|x64.Build.0 = Debug|Any CPU
		{5CCB2F72-2181-4D28-87E6-081CAAE7F01D}.Debug|x86.ActiveCfg = Debug|Any CPU
		{5CCB2F72-2181-4D28-87E6-081CAAE7F01D}.Debug|x86.Build.0 = Debug|Any CPU
		{5CCB2F72-2181-4D28-87E6-081CAAE7F01D}.Release|Any CPU.ActiveCfg = Release|Any CPU
		{5CCB2F72-2181-4D28-87E6-081CAAE7F01D}.Release|Any CPU.Build.0 = Release|Any CPU
		{5CCB2F72-2181-4D28-87E6-081CAAE7F01D}.Release|x64.ActiveCfg = Release|Any CPU
		{5CCB2F72-2181-4D28-87E6-081CAAE7F01D}.Release|x64.Build.0 = Release|Any CPU
		{5CCB2F72-2181-4D28-87E6-081CAAE7F01D}.Release|x86.ActiveCfg = Release|Any CPU
		{5CCB2F72-2181-4D28-87E6-081CAAE7F01D}.Release|x86.Build.0 = Release|Any CPU
		{A7D3E5F1-9C2B-4D6E-8F1A-B2C4D6E8F1A2}.Debug|Any CPU.ActiveCfg = Debug|Any CPU
		{A7D3E5F1-9C2B-4D6E-8F1A-B2C4D6E8F1A2}.Debug|Any CPU.Build.0 = Debug|Any CPU
		{A7D3E5F1-9C2B-4D6E-8F1A-B2C4D6E8F1A2}.Debug|x64.ActiveCfg = Debug|Any CPU
		{A7D3E5F1-9C2B-4D6E-8F1A-B2C4D6E8F1A2}.Debug|x64.Build.0 = Debug|Any CPU
		{A7D3E5F1-9C2B-4D6E-8F1A-B2C4D6E8F1A2}.Debug|x86.ActiveCfg = Debug|Any CPU
		{A7D3E5F1-9C2B-4D6E-8F1A-B2C4D6E8F1A2}.Debug|x86.Build.0 = Debug|Any CPU
		{A7D3E5F1-9C2B-4D6E-8F1A-B2C4D6E8F1A2}.Release|Any CPU.ActiveCfg = Release|Any CPU
		{A7D3E5F1-9C2B-4D6E-8F1A-B2C4D6E8F1A2}.Release|Any CPU.Build.0 = Release|Any CPU
		{A7D3E5F1-9C2B-4D6E-8F1A-B2C4D6E8F1A2}.Release|x64.ActiveCfg = Release|Any CPU
		{A7D3E5F1-9C2B-4D6E-8F1A-B2C4D6E8F1A2}.Release|x64.Build.0 = Release|Any CPU
		{A7D3E5F1-9C2B-4D6E-8F1A-B2C4D6E8F1A2}.Release|x86.ActiveCfg = Release|Any CPU
		{A7D3E5F1-9C2B-4D6E-8F1A-B2C4D6E8F1A2}.Release|x86.Build.0 = Release|Any CPU
		{8A400014-0D01-45C1-8081-A702146D8893}.Debug|Any CPU.ActiveCfg = Debug|Any CPU
		{8A400014-0D01-45C1-8081-A702146D8893}.Debug|Any CPU.Build.0 = Debug|Any CPU
		{8A400014-0D01-45C1-8081-A702146D8893}.Debug|x64.ActiveCfg = Debug|Any CPU
		{8A400014-0D01-45C1-8081-A702146D8893}.Debug|x64.Build.0 = Debug|Any CPU
		{8A400014-0D01-45C1-8081-A702146D8893}.Debug|x86.ActiveCfg = Debug|Any CPU
		{8A400014-0D01-45C1-8081-A702146D8893}.Debug|x86.Build.0 = Debug|Any CPU
		{8A400014-0D01-45C1-8081-A702146D8893}.Release|Any CPU.ActiveCfg = Release|Any CPU
		{8A400014-0D01-45C1-8081-A702146D8893}.Release|Any CPU.Build.0 = Release|Any CPU
		{8A400014-0D01-45C1-8081-A702146D8893}.Release|x64.ActiveCfg = Release|Any CPU
		{8A400014-0D01-45C1-8081-A702146D8893}.Release|x64.Build.0 = Release|Any CPU
		{8A400014-0D01-45C1-8081-A702146D8893}.Release|x86.ActiveCfg = Release|Any CPU
		{8A400014-0D01-45C1-8081-A702146D8893}.Release|x86.Build.0 = Release|Any CPU
		{F49FA0A0-A084-4095-997F-ECBE64B956A6}.Debug|Any CPU.ActiveCfg = Debug|Any CPU
		{F49FA0A0-A084-4095-997F-ECBE64B956A6}.Debug|Any CPU.Build.0 = Debug|Any CPU
		{F49FA0A0-A084-4095-997F-ECBE64B956A6}.Debug|x64.ActiveCfg = Debug|Any CPU
		{F49FA0A0-A084-4095-997F-ECBE64B956A6}.Debug|x64.Build.0 = Debug|Any CPU
		{F49FA0A0-A084-4095-997F-ECBE64B956A6}.Debug|x86.ActiveCfg = Debug|Any CPU
		{F49FA0A0-A084-4095-997F-ECBE64B956A6}.Debug|x86.Build.0 = Debug|Any CPU
		{F49FA0A0-A084-4095-997F-ECBE64B956A6}.Release|Any CPU.ActiveCfg = Release|Any CPU
		{F49FA0A0-A084-4095-997F-ECBE64B956A6}.Release|Any CPU.Build.0 = Release|Any CPU
		{F49FA0A0-A084-4095-997F-ECBE64B956A6}.Release|x64.ActiveCfg = Release|Any CPU
		{F49FA0A0-A084-4095-997F-ECBE64B956A6}.Release|x64.Build.0 = Release|Any CPU
		{F49FA0A0-A084-4095-997F-ECBE64B956A6}.Release|x86.ActiveCfg = Release|Any CPU
		{F49FA0A0-A084-4095-997F-ECBE64B956A6}.Release|x86.Build.0 = Release|Any CPU
		{4D3FF191-036A-4A70-A2B2-3F3F5FBC5A2A}.Debug|Any CPU.ActiveCfg = Debug|Any CPU
		{4D3FF191-036A-4A70-A2B2-3F3F5FBC5A2A}.Debug|Any CPU.Build.0 = Debug|Any CPU
		{4D3FF191-036A-4A70-A2B2-3F3F5FBC5A2A}.Debug|x64.ActiveCfg = Debug|Any CPU
		{4D3FF191-036A-4A70-A2B2-3F3F5FBC5A2A}.Debug|x64.Build.0 = Debug|Any CPU
		{4D3FF191-036A-4A70-A2B2-3F3F5FBC5A2A}.Debug|x86.ActiveCfg = Debug|Any CPU
		{4D3FF191-036A-4A70-A2B2-3F3F5FBC5A2A}.Debug|x86.Build.0 = Debug|Any CPU
		{4D3FF191-036A-4A70-A2B2-3F3F5FBC5A2A}.Release|Any CPU.ActiveCfg = Release|Any CPU
		{4D3FF191-036A-4A70-A2B2-3F3F5FBC5A2A}.Release|Any CPU.Build.0 = Release|Any CPU
		{4D3FF191-036A-4A70-A2B2-3F3F5FBC5A2A}.Release|x64.ActiveCfg = Release|Any CPU
		{4D3FF191-036A-4A70-A2B2-3F3F5FBC5A2A}.Release|x64.Build.0 = Release|Any CPU
		{4D3FF191-036A-4A70-A2B2-3F3F5FBC5A2A}.Release|x86.ActiveCfg = Release|Any CPU
		{4D3FF191-036A-4A70-A2B2-3F3F5FBC5A2A}.Release|x86.Build.0 = Release|Any CPU
	EndGlobalSection
	GlobalSection(SolutionProperties) = preSolution
		HideSolutionNode = FALSE
	EndGlobalSection
	GlobalSection(NestedProjects) = preSolution
		{81984215-8F13-4AFC-BE17-AE676C9DBF09} = {827E0CD3-B72D-47B6-A68D-7590B98EB39B}
		{8AC9647F-7393-4352-810A-FCB92188EEE4} = {827E0CD3-B72D-47B6-A68D-7590B98EB39B}
		{F3686124-1566-413F-9FBF-A2C24C6BBA11} = {827E0CD3-B72D-47B6-A68D-7590B98EB39B}
		{3A60FCF8-E16D-4ADD-838A-5CB3C9383766} = {827E0CD3-B72D-47B6-A68D-7590B98EB39B}
		{E850B7EA-0E91-4060-88DE-CC61AB36136F} = {0AB3BF05-4346-4AA6-1389-037BE0695223}
		{5CCB2F72-2181-4D28-87E6-081CAAE7F01D} = {0AB3BF05-4346-4AA6-1389-037BE0695223}
		{A7D3E5F1-9C2B-4D6E-8F1A-B2C4D6E8F1A2} = {0AB3BF05-4346-4AA6-1389-037BE0695223}
		{8A400014-0D01-45C1-8081-A702146D8893} = {827E0CD3-B72D-47B6-A68D-7590B98EB39B}
		{F49FA0A0-A084-4095-997F-ECBE64B956A6} = {0AB3BF05-4346-4AA6-1389-037BE0695223}
		{4D3FF191-036A-4A70-A2B2-3F3F5FBC5A2A} = {0AB3BF05-4346-4AA6-1389-037BE0695223}
	EndGlobalSection
EndGlobal
